
Microsoft Visual Studio Solution File, Format Version 12.00
# Visual Studio 2012
Project("{FAE04EC0-301F-11D3-BF4B-00C04F79EFBC}") = "kudy_admin_template", "kudy_admin_template.csproj", "{FB091B2E-FC63-4FEE-9603-B8F188DB5948}"
EndProject
Global
	GlobalSection(SolutionConfigurationPlatforms) = preSolution
		Debug|Any CPU = Debug|Any CPU
		Release|Any CPU = Release|Any CPU
	EndGlobalSection
	GlobalSection(ProjectConfigurationPlatforms) = postSolution
		{FB091B2E-FC63-4FEE-9603-B8F188DB5948}.Debug|Any CPU.ActiveCfg = Debug|Any CPU
		{FB091B2E-FC63-4FEE-9603-B8F188DB5948}.Debug|Any CPU.Build.0 = Debug|Any CPU
		{FB091B2E-FC63-4FEE-9603-B8F188DB5948}.Release|Any CPU.ActiveCfg = Release|Any CPU
		{FB091B2E-FC63-4FEE-9603-B8F188DB5948}.Release|Any CPU.Build.0 = Release|Any CPU
	EndGlobalSection
	GlobalSection(SolutionProperties) = preSolution
		HideSolutionNode = FALSE
	EndGlobalSection
EndGlobal
